
Microsoft Visual Studio Solution File, Format Version 12.00
# Visual Studio Version 17
VisualStudioVersion = 17.0.31903.59
MinimumVisualStudioVersion = 10.0.40219.1
Project("{2150E333-8FDC-42A3-9474-1A3956D46DE8}") = "Services", "Services", "{AAC66030-2A86-4432-BA59-BE56D8F36815}"
EndProject
Project("{2150E333-8FDC-42A3-9474-1A3956D46DE8}") = "Catalog", "Catalog", "{CEACAD8B-481F-4683-8FDE-8EDC21AFFBCC}"
EndProject
Project("{FAE04EC0-301F-11D3-BF4B-00C04F79EFBC}") = "Catalog.API", "Services\Catalog\Catalog.API\Catalog.API.csproj", "{7EC257A9-702D-4DA1-9733-53A5E8011B50}"
EndProject
Global
	GlobalSection(SolutionConfigurationPlatforms) = preSolution
		Debug|Any CPU = Debug|Any CPU
		Release|Any CPU = Release|Any CPU
	EndGlobalSection
	GlobalSection(ProjectConfigurationPlatforms) = postSolution
		{7EC257A9-702D-4DA1-9733-53A5E8011B50}.Debug|Any CPU.ActiveCfg = Debug|Any CPU
		{7EC257A9-702D-4DA1-9733-53A5E8011B50}.Debug|Any CPU.Build.0 = Debug|Any CPU
		{7EC257A9-702D-4DA1-9733-53A5E8011B50}.Release|Any CPU.ActiveCfg = Release|Any CPU
		{7EC257A9-702D-4DA1-9733-53A5E8011B50}.Release|Any CPU.Build.0 = Release|Any CPU
	EndGlobalSection
	GlobalSection(SolutionProperties) = preSolution
		HideSolutionNode = FALSE
	EndGlobalSection
	GlobalSection(NestedProjects) = preSolution
		{CEACAD8B-481F-4683-8FDE-8EDC21AFFBCC} = {AAC66030-2A86-4432-BA59-BE56D8F36815}
		{7EC257A9-702D-4DA1-9733-53A5E8011B50} = {CEACAD8B-481F-4683-8FDE-8EDC21AFFBCC}
	EndGlobalSection
	GlobalSection(ExtensibilityGlobals) = postSolution
		SolutionGuid = {ED9D51EE-EAAC-4DC5-A1C9-E53D14FBB147}
	EndGlobalSection
EndGlobal
